
Microsoft Visual Studio Solution File, Format Version 12.00
# Visual Studio 2013
VisualStudioVersion = 12.0.21005.1
MinimumVisualStudioVersion = 10.0.40219.1
Project("{8BC9CEB8-8B4A-11D0-8D11-00A0C91BC942}") = "Udacity 1", "Udacity 1\Udacity 1.vcxproj", "{71D307C8-20FB-415E-8E0A-BBF3A183E921}"
EndProject
Project("{8BC9CEB8-8B4A-11D0-8D11-00A0C91BC942}") = "Udacity 2", "Udacity 2\Udacity 2.vcxproj", "{455A0F74-D4ED-4E8C-B8D4-CE897AEBB743}"
EndProject
Project("{8BC9CEB8-8B4A-11D0-8D11-00A0C91BC942}") = "Udacity 3", "Udacity 3\Udacity 3.vcxproj", "{8DE47E0C-E39B-4A8D-B2AB-1AC77F742E42}"
EndProject
Project("{8BC9CEB8-8B4A-11D0-8D11-00A0C91BC942}") = "Udacity 4", "Udacity 4\Udacity 4.vcxproj", "{87DD5070-A4A7-496C-99C3-F14415819158}"
EndProject
Global
	GlobalSection(SolutionConfigurationPlatforms) = preSolution
		Debug|Win32 = Debug|Win32
		Debug|x64 = Debug|x64
		Release|Win32 = Release|Win32
		Release|x64 = Release|x64
	EndGlobalSection
	GlobalSection(ProjectConfigurationPlatforms) = postSolution
		{71D307C8-20FB-415E-8E0A-BBF3A183E921}.Debug|Win32.ActiveCfg = Debug|Win32
		{71D307C8-20FB-415E-8E0A-BBF3A183E921}.Debug|Win32.Build.0 = Debug|Win32
		{71D307C8-20FB-415E-8E0A-BBF3A183E921}.Debug|x64.ActiveCfg = Debug|x64
		{71D307C8-20FB-415E-8E0A-BBF3A183E921}.Debug|x64.Build.0 = Debug|x64
		{71D307C8-20FB-415E-8E0A-BBF3A183E921}.Release|Win32.ActiveCfg = Release|Win32
		{71D307C8-20FB-415E-8E0A-BBF3A183E921}.Release|Win32.Build.0 = Release|Win32
		{71D307C8-20FB-415E-8E0A-BBF3A183E921}.Release|x64.ActiveCfg = Release|x64
		{71D307C8-20FB-415E-8E0A-BBF3A183E921}.Release|x64.Build.0 = Release|x64
		{455A0F74-D4ED-4E8C-B8D4-CE897AEBB743}.Debug|Win32.ActiveCfg = Debug|Win32
		{455A0F74-D4ED-4E8C-B8D4-CE897AEBB743}.Debug|Win32.Build.0 = Debug|Win32
		{455A0F74-D4ED-4E8C-B8D4-CE897AEBB743}.Debug|x64.ActiveCfg = Debug|x64
		{455A0F74-D4ED-4E8C-B8D4-CE897AEBB743}.Debug|x64.Build.0 = Debug|x64
		{455A0F74-D4ED-4E8C-B8D4-CE897AEBB743}.Release|Win32.ActiveCfg = Release|Win32
		{455A0F74-D4ED-4E8C-B8D4-CE897AEBB743}.Release|Win32.Build.0 = Release|Win32
		{455A0F74-D4ED-4E8C-B8D4-CE897AEBB743}.Release|x64.ActiveCfg = Release|x64
		{455A0F74-D4ED-4E8C-B8D4-CE897AEBB743}.Release|x64.Build.0 = Release|x64
		{8DE47E0C-E39B-4A8D-B2AB-1AC77F742E42}.Debug|Win32.ActiveCfg = Debug|Win32
		{8DE47E0C-E39B-4A8D-B2AB-1AC77F742E42}.Debug|Win32.Build.0 = Debug|Win32
		{8DE47E0C-E39B-4A8D-B2AB-1AC77F742E42}.Debug|x64.ActiveCfg = Debug|x64
		{8DE47E0C-E39B-4A8D-B2AB-1AC77F742E42}.Debug|x64.Build.0 = Debug|x64
		{8DE47E0C-E39B-4A8D-B2AB-1AC77F742E42}.Release|Win32.ActiveCfg = Release|Win32
		{8DE47E0C-E39B-4A8D-B2AB-1AC77F742E42}.Release|Win32.Build.0 = Release|Win32
		{8DE47E0C-E39B-4A8D-B2AB-1AC77F742E42}.Release|x64.ActiveCfg = Release|x64
		{8DE47E0C-E39B-4A8D-B2AB-1AC77F742E42}.Release|x64.Build.0 = Release|x64
		{87DD5070-A4A7-496C-99C3-F14415819158}.Debug|Win32.ActiveCfg = Debug|Win32
		{87DD5070-A4A7-496C-99C3-F14415819158}.Debug|Win32.Build.0 = Debug|Win32
		{87DD5070-A4A7-496C-99C3-F14415819158}.Debug|x64.ActiveCfg = Debug|x64
		{87DD5070-A4A7-496C-99C3-F14415819158}.Debug|x64.Build.0 = Debug|x64
		{87DD5070-A4A7-496C-99C3-F14415819158}.Release|Win32.ActiveCfg = Release|Win32
		{87DD5070-A4A7-496C-99C3-F14415819158}.Release|Win32.Build.0 = Release|Win32
		{87DD5070-A4A7-496C-99C3-F14415819158}.Release|x64.ActiveCfg = Release|x64
		{87DD5070-A4A7-496C-99C3-F14415819158}.Release|x64.Build.0 = Release|x64
	EndGlobalSection
	GlobalSection(SolutionProperties) = preSolution
		HideSolutionNode = FALSE
	EndGlobalSection
EndGlobal
